<?xml version="1.0" encoding="utf-8"?>
<Project ToolsVersion="4.0" xmlns="http://schemas.microsoft.com/developer/msbuild/2003">
  <ItemGroup>
    <Filter Include="Source Files">
      <UniqueIdentifier>{4FC737F1-C7A5-4376-A066-2A32D752A2FF}</UniqueIdentifier>
      <Extensions>cpp;c;cc;cxx;def;odl;idl;hpj;bat;asm;asmx</Extensions>
    </Filter>
    <Filter Include="Header Files">
      <UniqueIdentifier>{93995380-89BD-4b04-88EB-625FBE52EBFB}</UniqueIdentifier>
      <Extensions>h;hpp;hxx;hm;inl;inc;xsd</Extensions>
    </Filter>
    <Filter Include="Resource Files">
      <UniqueIdentifier>{67DA6AB6-F800-4c08-8B7A-83BB121AAD01}</UniqueIdentifier>
      <Extensions>rc;ico;cur;bmp;dlg;rc2;rct;bin;rgs;gif;jpg;jpeg;jpe;resx;tiff;tif;png;wav;mfcribbon-ms</Extensions>
    </Filter>
    <Filter Include="Capitalist">
      <UniqueIdentifier>{b612831f-28d9-4bfb-9284-8c889f77f838}</UniqueIdentifier>
    </Filter>
    <Filter Include="Communist">
      <UniqueIdentifier>{6eff319c-9f87-48d5-87ab-fb1370ff95d0}</UniqueIdentifier>
    </Filter>
    <Filter Include="GUI - header">
      <UniqueIdentifier>{d810664e-f535-4514-bd84-69d8e1a518be}</UniqueIdentifier>
    </Filter>
    <Filter Include="GUI - source">
      <UniqueIdentifier>{fa2912ef-2a8a-4f7c-b82c-4d605b850a95}</UniqueIdentifier>
    </Filter>
    <Filter Include="ResourceHandler">
      <UniqueIdentifier>{a4ccad2d-86c3-440f-bf7c-23fe74327ccd}</UniqueIdentifier>
    </Filter>
    <Filter Include="Menu - header">
      <UniqueIdentifier>{4ff27d93-7de2-4e34-a550-f79aed7ba8f2}</UniqueIdentifier>
    </Filter>
    <Filter Include="Menu - source">
      <UniqueIdentifier>{287aeafe-eb10-4f49-bcc9-951f1ada1f29}</UniqueIdentifier>
    </Filter>
  </ItemGroup>
  <ItemGroup>
    <ClCompile Include="Main.cpp">
      <Filter>Source Files</Filter>
    </ClCompile>
    <ClCompile Include="EventHandler.cpp">
      <Filter>Source Files</Filter>
    </ClCompile>
    <ClCompile Include="Capitalist.cpp">
      <Filter>Capitalist</Filter>
    </ClCompile>
    <ClCompile Include="Communist.cpp">
      <Filter>Communist</Filter>
    </ClCompile>
    <ClCompile Include="GUIButton.cpp">
      <Filter>GUI - source</Filter>
    </ClCompile>
    <ClCompile Include="GUIWindow.cpp">
      <Filter>GUI - source</Filter>
    </ClCompile>
    <ClCompile Include="GUIElement.cpp">
      <Filter>GUI - source</Filter>
    </ClCompile>
    <ClCompile Include="GUIImage.cpp">
      <Filter>GUI - source</Filter>
    </ClCompile>
    <ClCompile Include="GUIManager.cpp">
      <Filter>GUI - source</Filter>
    </ClCompile>
    <ClCompile Include="GUIText.cpp">
      <Filter>GUI - source</Filter>
    </ClCompile>
    <ClCompile Include="ResourceHandler.cpp">
      <Filter>ResourceHandler</Filter>
    </ClCompile>
    <ClCompile Include="GameManager.cpp">
      <Filter>Source Files</Filter>
    </ClCompile>
    <ClCompile Include="PoliticalSystem.cpp">
      <Filter>Source Files</Filter>
    </ClCompile>
  </ItemGroup>
  <ItemGroup>
    <ClInclude Include="EventHandler.h">
      <Filter>Header Files</Filter>
    </ClInclude>
    <ClInclude Include="Capitalist.h">
      <Filter>Capitalist</Filter>
    </ClInclude>
    <ClInclude Include="Communist.h">
      <Filter>Communist</Filter>
    </ClInclude>
    <ClInclude Include="GUIButton.h">
      <Filter>GUI - header</Filter>
    </ClInclude>
    <ClInclude Include="GUIWindow.h">
      <Filter>GUI - header</Filter>
    </ClInclude>
    <ClInclude Include="GUIElement.h">
      <Filter>GUI - header</Filter>
    </ClInclude>
    <ClInclude Include="GUIImage.h">
      <Filter>GUI - header</Filter>
    </ClInclude>
    <ClInclude Include="GUIManager.h">
      <Filter>GUI - header</Filter>
    </ClInclude>
    <ClInclude Include="GUIText.h">
      <Filter>GUI - header</Filter>
    </ClInclude>
    <ClInclude Include="ResourceHandler.h">
      <Filter>ResourceHandler</Filter>
    </ClInclude>

    <ClInclude Include="GameManager.h">
      <Filter>Header Files</Filter>
    </ClInclude>
    <ClInclude Include="PoliticalSystem.h">
      <Filter>Header Files</Filter>
    </ClInclude>
  </ItemGroup>
</Project>